
Microsoft Visual Studio Solution File, Format Version 12.00
# Visual Studio Version 17
VisualStudioVersion = 17.5.002.0
MinimumVisualStudioVersion = 10.0.40219.1
Project("{9A19103F-16F7-4668-BE54-9A1E7A4F7556}") = "CustomerPatronage", "CustomerPatronage\CustomerPatronage.csproj", "{E34080A5-BCA3-4188-91BD-FC01BAAE4B78}"
EndProject
Project("{FAE04EC0-301F-11D3-BF4B-00C04F79EFBC}") = "CustomerPatronage.Tests", "CustomerPatronage.Tests\CustomerPatronage.Tests.csproj", "{0EEB04FE-895D-400D-B3F1-DE67CC2B754C}"
EndProject
Global
	GlobalSection(SolutionConfigurationPlatforms) = preSolution
		Debug|Any CPU = Debug|Any CPU
		Release|Any CPU = Release|Any CPU
	EndGlobalSection
	GlobalSection(ProjectConfigurationPlatforms) = postSolution
		{E34080A5-BCA3-4188-91BD-FC01BAAE4B78}.Debug|Any CPU.ActiveCfg = Debug|Any CPU
		{E34080A5-BCA3-4188-91BD-FC01BAAE4B78}.Debug|Any CPU.Build.0 = Debug|Any CPU
		{E34080A5-BCA3-4188-91BD-FC01BAAE4B78}.Release|Any CPU.ActiveCfg = Release|Any CPU
		{E34080A5-BCA3-4188-91BD-FC01BAAE4B78}.Release|Any CPU.Build.0 = Release|Any CPU
		{0EEB04FE-895D-400D-B3F1-DE67CC2B754C}.Debug|Any CPU.ActiveCfg = Debug|Any CPU
		{0EEB04FE-895D-400D-B3F1-DE67CC2B754C}.Debug|Any CPU.Build.0 = Debug|Any CPU
		{0EEB04FE-895D-400D-B3F1-DE67CC2B754C}.Release|Any CPU.ActiveCfg = Release|Any CPU
		{0EEB04FE-895D-400D-B3F1-DE67CC2B754C}.Release|Any CPU.Build.0 = Release|Any CPU
	EndGlobalSection
	GlobalSection(SolutionProperties) = preSolution
		HideSolutionNode = FALSE
	EndGlobalSection
	GlobalSection(ExtensibilityGlobals) = postSolution
		SolutionGuid = {2F9A7E02-C2F4-485A-8C66-06654BA59A85}
	EndGlobalSection
EndGlobal
